// !$*UTF8*$!
{
	archiveVersion = 1;
	classes = {
	};
	objectVersion = 46;
	objects = {

/* Begin PBXBuildFile section */
		010A993F1D2682C500AE15E8 /* NavigationDelegate.swift in Sources */ = {isa = PBXBuildFile; fileRef = 010A993E1D2682C500AE15E8 /* NavigationDelegate.swift */; };
		010A99411D26845E00AE15E8 /* TransitionAnimator.swift in Sources */ = {isa = PBXBuildFile; fileRef = 010A99401D26845E00AE15E8 /* TransitionAnimator.swift */; };
		014230351D25692A00A173E3 /* AppDelegate.swift in Sources */ = {isa = PBXBuildFile; fileRef = 014230341D25692A00A173E3 /* AppDelegate.swift */; };
		0142303A1D25692A00A173E3 /* Main.storyboard in Resources */ = {isa = PBXBuildFile; fileRef = 014230381D25692A00A173E3 /* Main.storyboard */; };
		0142303C1D25692A00A173E3 /* Assets.xcassets in Resources */ = {isa = PBXBuildFile; fileRef = 0142303B1D25692A00A173E3 /* Assets.xcassets */; };
		0142303F1D25692A00A173E3 /* LaunchScreen.storyboard in Resources */ = {isa = PBXBuildFile; fileRef = 0142303D1D25692A00A173E3 /* LaunchScreen.storyboard */; };
		0142304C1D256AE500A173E3 /* MasterViewController.swift in Sources */ = {isa = PBXBuildFile; fileRef = 0142304B1D256AE500A173E3 /* MasterViewController.swift */; };
		0142304E1D256AF200A173E3 /* DetailViewController.swift in Sources */ = {isa = PBXBuildFile; fileRef = 0142304D1D256AF200A173E3 /* DetailViewController.swift */; };
		014230551D256F5700A173E3 /* ColorCollection.swift in Sources */ = {isa = PBXBuildFile; fileRef = 014230541D256F5700A173E3 /* ColorCollection.swift */; };
/* End PBXBuildFile section */

/* Begin PBXFileReference section */
		010A993E1D2682C500AE15E8 /* NavigationDelegate.swift */ = {isa = PBXFileReference; fileEncoding = 4; lastKnownFileType = sourcecode.swift; path = NavigationDelegate.swift; sourceTree = "<group>"; };
		010A99401D26845E00AE15E8 /* TransitionAnimator.swift */ = {isa = PBXFileReference; fileEncoding = 4; lastKnownFileType = sourcecode.swift; path = TransitionAnimator.swift; sourceTree = "<group>"; };
		014230311D25692A00A173E3 /* CollectionTransitions.app */ = {isa = PBXFileReference; explicitFileType = wrapper.application; includeInIndex = 0; path = CollectionTransitions.app; sourceTree = BUILT_PRODUCTS_DIR; };
		014230341D25692A00A173E3 /* AppDelegate.swift */ = {isa = PBXFileReference; lastKnownFileType = sourcecode.swift; path = AppDelegate.swift; sourceTree = "<group>"; };
		014230391D25692A00A173E3 /* Base */ = {isa = PBXFileReference; lastKnownFileType = file.storyboard; name = Base; path = Base.lproj/Main.storyboard; sourceTree = "<group>"; };
		0142303B1D25692A00A173E3 /* Assets.xcassets */ = {isa = PBXFileReference; lastKnownFileType = folder.assetcatalog; path = Assets.xcassets; sourceTree = "<group>"; };
		0142303E1D25692A00A173E3 /* Base */ = {isa = PBXFileReference; lastKnownFileType = file.storyboard; name = Base; path = Base.lproj/LaunchScreen.storyboard; sourceTree = "<group>"; };
		014230401D25692A00A173E3 /* Info.plist */ = {isa = PBXFileReference; lastKnownFileType = text.plist.xml; path = Info.plist; sourceTree = "<group>"; };
		0142304B1D256AE500A173E3 /* MasterViewController.swift */ = {isa = PBXFileReference; fileEncoding = 4; lastKnownFileType = sourcecode.swift; path = MasterViewController.swift; sourceTree = "<group>"; };
		0142304D1D256AF200A173E3 /* DetailViewController.swift */ = {isa = PBXFileReference; fileEncoding = 4; lastKnownFileType = sourcecode.swift; path = DetailViewController.swift; sourceTree = "<group>"; };
		014230541D256F5700A173E3 /* ColorCollection.swift */ = {isa = PBXFileReference; fileEncoding = 4; lastKnownFileType = sourcecode.swift; path = ColorCollection.swift; sourceTree = "<group>"; };
/* End PBXFileReference section */

/* Begin PBXFrameworksBuildPhase section */
		0142302E1D25692A00A173E3 /* Frameworks */ = {
			isa = PBXFrameworksBuildPhase;
			buildActionMask = 2147483647;
			files = (
			);
			runOnlyForDeploymentPostprocessing = 0;
		};
/* End PBXFrameworksBuildPhase section */

/* Begin PBXGroup section */
		010A993D1D2682B100AE15E8 /* transition */ = {
			isa = PBXGroup;
			children = (
				010A993E1D2682C500AE15E8 /* NavigationDelegate.swift */,
				010A99401D26845E00AE15E8 /* TransitionAnimator.swift */,
			);
			name = transition;
			sourceTree = "<group>";
		};
		014230281D25692A00A173E3 = {
			isa = PBXGroup;
			children = (
				014230331D25692A00A173E3 /* CollectionTransitions */,
				014230321D25692A00A173E3 /* Products */,
			);
			sourceTree = "<group>";
		};
		014230321D25692A00A173E3 /* Products */ = {
			isa = PBXGroup;
			children = (
				014230311D25692A00A173E3 /* CollectionTransitions.app */,
			);
			name = Products;
			sourceTree = "<group>";
		};
		014230331D25692A00A173E3 /* CollectionTransitions */ = {
			isa = PBXGroup;
			children = (
				014230461D25696000A173E3 /* src */,
				014230471D25696A00A173E3 /* resouces */,
			);
			path = CollectionTransitions;
			sourceTree = "<group>";
		};
		014230461D25696000A173E3 /* src */ = {
			isa = PBXGroup;
			children = (
				010A993D1D2682B100AE15E8 /* transition */,
				014230521D256F0000A173E3 /* controllers */,
				014230531D256F3600A173E3 /* model */,
				014230341D25692A00A173E3 /* AppDelegate.swift */,
			);
			path = src;
			sourceTree = "<group>";
		};
		014230471D25696A00A173E3 /* resouces */ = {
			isa = PBXGroup;
			children = (
				014230401D25692A00A173E3 /* Info.plist */,
				0142303B1D25692A00A173E3 /* Assets.xcassets */,
				014230481D25697D00A173E3 /* nibs */,
			);
			path = resouces;
			sourceTree = "<group>";
		};
		014230481D25697D00A173E3 /* nibs */ = {
			isa = PBXGroup;
			children = (
				014230381D25692A00A173E3 /* Main.storyboard */,
				0142303D1D25692A00A173E3 /* LaunchScreen.storyboard */,
			);
			path = nibs;
			sourceTree = "<group>";
		};
		014230521D256F0000A173E3 /* controllers */ = {
			isa = PBXGroup;
			children = (
				0142304B1D256AE500A173E3 /* MasterViewController.swift */,
				0142304D1D256AF200A173E3 /* DetailViewController.swift */,
			);
			name = controllers;
			sourceTree = "<group>";
		};
		014230531D256F3600A173E3 /* model */ = {
			isa = PBXGroup;
			children = (
				014230541D256F5700A173E3 /* ColorCollection.swift */,
			);
			name = model;
			sourceTree = "<group>";
		};
/* End PBXGroup section */

/* Begin PBXNativeTarget section */
		014230301D25692A00A173E3 /* CollectionTransitions */ = {
			isa = PBXNativeTarget;
			buildConfigurationList = 014230431D25692A00A173E3 /* Build configuration list for PBXNativeTarget "CollectionTransitions" */;
			buildPhases = (
				0142302D1D25692A00A173E3 /* Sources */,
				0142302E1D25692A00A173E3 /* Frameworks */,
				0142302F1D25692A00A173E3 /* Resources */,
			);
			buildRules = (
			);
			dependencies = (
			);
			name = CollectionTransitions;
			productName = CollectionTransitions;
			productReference = 014230311D25692A00A173E3 /* CollectionTransitions.app */;
			productType = "com.apple.product-type.application";
		};
/* End PBXNativeTarget section */

/* Begin PBXProject section */
		014230291D25692A00A173E3 /* Project object */ = {
			isa = PBXProject;
			attributes = {
				LastSwiftUpdateCheck = 0730;
				LastUpgradeCheck = 0730;
				ORGANIZATIONNAME = spromicky;
				TargetAttributes = {
					014230301D25692A00A173E3 = {
						CreatedOnToolsVersion = 7.3.1;
					};
				};
			};
			buildConfigurationList = 0142302C1D25692A00A173E3 /* Build configuration list for PBXProject "CollectionTransitions" */;
			compatibilityVersion = "Xcode 3.2";
			developmentRegion = English;
			hasScannedForEncodings = 0;
			knownRegions = (
				en,
				Base,
			);
			mainGroup = 014230281D25692A00A173E3;
			productRefGroup = 014230321D25692A00A173E3 /* Products */;
			projectDirPath = "";
			projectRoot = "";
			targets = (
				014230301D25692A00A173E3 /* CollectionTransitions */,
			);
		};
/* End PBXProject section */

/* Begin PBXResourcesBuildPhase section */
		0142302F1D25692A00A173E3 /* Resources */ = {
			isa = PBXResourcesBuildPhase;
			buildActionMask = 2147483647;
			files = (
				0142303F1D25692A00A173E3 /* LaunchScreen.storyboard in Resources */,
				0142303C1D25692A00A173E3 /* Assets.xcassets in Resources */,
				0142303A1D25692A00A173E3 /* Main.storyboard in Resources */,
			);
			runOnlyForDeploymentPostprocessing = 0;
		};
/* End PBXResourcesBuildPhase section */

/* Begin PBXSourcesBuildPhase section */
		0142302D1D25692A00A173E3 /* Sources */ = {
			isa = PBXSourcesBuildPhase;
			buildActionMask = 2147483647;
			files = (
				0142304E1D256AF200A173E3 /* DetailViewController.swift in Sources */,
				0142304C1D256AE500A173E3 /* MasterViewController.swift in Sources */,
				014230351D25692A00A173E3 /* AppDelegate.swift in Sources */,
				014230551D256F5700A173E3 /* ColorCollection.swift in Sources */,
				010A993F1D2682C500AE15E8 /* NavigationDelegate.swift in Sources */,
				010A99411D26845E00AE15E8 /* TransitionAnimator.swift in Sources */,
			);
			runOnlyForDeploymentPostprocessing = 0;
		};
/* End PBXSourcesBuildPhase section */

/* Begin PBXVariantGroup section */
		014230381D25692A00A173E3 /* Main.storyboard */ = {
			isa = PBXVariantGroup;
			children = (
				014230391D25692A00A173E3 /* Base */,
			);
			name = Main.storyboard;
			path = .;
			sourceTree = "<group>";
		};
		0142303D1D25692A00A173E3 /* LaunchScreen.storyboard */ = {
			isa = PBXVariantGroup;
			children = (
				0142303E1D25692A00A173E3 /* Base */,
			);
			name = LaunchScreen.storyboard;
			path = .;
			sourceTree = "<group>";
		};
/* End PBXVariantGroup section */

/* Begin XCBuildConfiguration section */
		014230411D25692A00A173E3 /* Debug */ = {
			isa = XCBuildConfiguration;
			buildSettings = {
				ALWAYS_SEARCH_USER_PATHS = NO;
				CLANG_ANALYZER_NONNULL = YES;
				CLANG_CXX_LANGUAGE_STANDARD = "gnu++0x";
				CLANG_CXX_LIBRARY = "libc++";
				CLANG_ENABLE_MODULES = YES;
				CLANG_ENABLE_OBJC_ARC = YES;
				CLANG_WARN_BOOL_CONVERSION = YES;
				CLANG_WARN_CONSTANT_CONVERSION = YES;
				CLANG_WARN_DIRECT_OBJC_ISA_USAGE = YES_ERROR;
				CLANG_WARN_EMPTY_BODY = YES;
				CLANG_WARN_ENUM_CONVERSION = YES;
				CLANG_WARN_INT_CONVERSION = YES;
				CLANG_WARN_OBJC_ROOT_CLASS = YES_ERROR;
				CLANG_WARN_UNREACHABLE_CODE = YES;
				CLANG_WARN__DUPLICATE_METHOD_MATCH = YES;
				"CODE_SIGN_IDENTITY[sdk=iphoneos*]" = "iPhone Developer";
				COPY_PHASE_STRIP = NO;
				DEBUG_INFORMATION_FORMAT = dwarf;
				ENABLE_STRICT_OBJC_MSGSEND = YES;
				ENABLE_TESTABILITY = YES;
				GCC_C_LANGUAGE_STANDARD = gnu99;
				GCC_DYNAMIC_NO_PIC = NO;
				GCC_NO_COMMON_BLOCKS = YES;
				GCC_OPTIMIZATION_LEVEL = 0;
				GCC_PREPROCESSOR_DEFINITIONS = (
					"DEBUG=1",
					"$(inherited)",
				);
				GCC_WARN_64_TO_32_BIT_CONVERSION = YES;
				GCC_WARN_ABOUT_RETURN_TYPE = YES_ERROR;
				GCC_WARN_UNDECLARED_SELECTOR = YES;
				GCC_WARN_UNINITIALIZED_AUTOS = YES_AGGRESSIVE;
				GCC_WARN_UNUSED_FUNCTION = YES;
				GCC_WARN_UNUSED_VARIABLE = YES;
				IPHONEOS_DEPLOYMENT_TARGET = 9.3;
				MTL_ENABLE_DEBUG_INFO = YES;
				ONLY_ACTIVE_ARCH = YES;
				SDKROOT = iphoneos;
				SWIFT_OPTIMIZATION_LEVEL = "-Onone";
				TARGETED_DEVICE_FAMILY = "1,2";
			};
			name = Debug;
		};
		014230421D25692A00A173E3 /* Release */ = {
			isa = XCBuildConfiguration;
			buildSettings = {
				ALWAYS_SEARCH_USER_PATHS = NO;
				CLANG_ANALYZER_NONNULL = YES;
				CLANG_CXX_LANGUAGE_STANDARD = "gnu++0x";
				CLANG_CXX_LIBRARY = "libc++";
				CLANG_ENABLE_MODULES = YES;
				CLANG_ENABLE_OBJC_ARC = YES;
				CLANG_WARN_BOOL_CONVERSION = YES;
				CLANG_WARN_CONSTANT_CONVERSION = YES;
				CLANG_WARN_DIRECT_OBJC_ISA_USAGE = YES_ERROR;
				CLANG_WARN_EMPTY_BODY = YES;
				CLANG_WARN_ENUM_CONVERSION = YES;
				CLANG_WARN_INT_CONVERSION = YES;
				CLANG_WARN_OBJC_ROOT_CLASS = YES_ERROR;
				CLANG_WARN_UNREACHABLE_CODE = YES;
				CLANG_WARN__DUPLICATE_METHOD_MATCH = YES;
				"CODE_SIGN_IDENTITY[sdk=iphoneos*]" = "iPhone Developer";
				COPY_PHASE_STRIP = NO;
				DEBUG_INFORMATION_FORMAT = "dwarf-with-dsym";
				ENABLE_NS_ASSERTIONS = NO;
				ENABLE_STRICT_OBJC_MSGSEND = YES;
				GCC_C_LANGUAGE_STANDARD = gnu99;
				GCC_NO_COMMON_BLOCKS = YES;
				GCC_WARN_64_TO_32_BIT_CONVERSION = YES;
				GCC_WARN_ABOUT_RETURN_TYPE = YES_ERROR;
				GCC_WARN_UNDECLARED_SELECTOR = YES;
				GCC_WARN_UNINITIALIZED_AUTOS = YES_AGGRESSIVE;
				GCC_WARN_UNUSED_FUNCTION = YES;
				GCC_WARN_UNUSED_VARIABLE = YES;
				IPHONEOS_DEPLOYMENT_TARGET = 9.3;
				MTL_ENABLE_DEBUG_INFO = NO;
				SDKROOT = iphoneos;
				TARGETED_DEVICE_FAMILY = "1,2";
				VALIDATE_PRODUCT = YES;
			};
			name = Release;
		};
		014230441D25692A00A173E3 /* Debug */ = {
			isa = XCBuildConfiguration;
			buildSettings = {
				ASSETCATALOG_COMPILER_APPICON_NAME = AppIcon;
				INFOPLIST_FILE = CollectionTransitions/resouces/Info.plist;
				LD_RUNPATH_SEARCH_PATHS = "$(inherited) @executable_path/Frameworks";
				PRODUCT_BUNDLE_IDENTIFIER = com.spromicky.CollectionTransitions;
				PRODUCT_NAME = "$(TARGET_NAME)";
			};
			name = Debug;
		};
		014230451D25692A00A173E3 /* Release */ = {
			isa = XCBuildConfiguration;
			buildSettings = {
				ASSETCATALOG_COMPILER_APPICON_NAME = AppIcon;
				INFOPLIST_FILE = CollectionTransitions/resouces/Info.plist;
				LD_RUNPATH_SEARCH_PATHS = "$(inherited) @executable_path/Frameworks";
				PRODUCT_BUNDLE_IDENTIFIER = com.spromicky.CollectionTransitions;
				PRODUCT_NAME = "$(TARGET_NAME)";
			};
			name = Release;
		};
/* End XCBuildConfiguration section */

/* Begin XCConfigurationList section */
		0142302C1D25692A00A173E3 /* Build configuration list for PBXProject "CollectionTransitions" */ = {
			isa = XCConfigurationList;
			buildConfigurations = (
				014230411D25692A00A173E3 /* Debug */,
				014230421D25692A00A173E3 /* Release */,
			);
			defaultConfigurationIsVisible = 0;
			defaultConfigurationName = Release;
		};
		014230431D25692A00A173E3 /* Build configuration list for PBXNativeTarget "CollectionTransitions" */ = {
			isa = XCConfigurationList;
			buildConfigurations = (
				014230441D25692A00A173E3 /* Debug */,
				014230451D25692A00A173E3 /* Release */,
			);
			defaultConfigurationIsVisible = 0;
			defaultConfigurationName = Release;
		};
/* End XCConfigurationList section */
	};
	rootObject = 014230291D25692A00A173E3 /* Project object */;
}
